PODS:
  - ACEView (0.0.5)
  - ANSIEscapeHelper (0.9.6)
  - KVOController (1.0.3)
  - Masonry (0.6.1)
  - ReactiveCocoa (2.5):
    - ReactiveCocoa/UI (= 2.5)
  - ReactiveCocoa/Core (2.5):
    - ReactiveCocoa/no-arc
  - ReactiveCocoa/no-arc (2.5)
  - ReactiveCocoa/UI (2.5):
    - ReactiveCocoa/Core
  - Sparkle (1.11.0)

DEPENDENCIES:
  - ACEView (from `https://github.com/tingbot/ACEView.git`)
  - ANSIEscapeHelper (from `https://github.com/griffin-stewie/ANSIEscapeHelper.git`)
  - KVOController
  - Masonry
  - ReactiveCocoa
  - Sparkle

EXTERNAL SOURCES:
  ACEView:
    :git: https://github.com/tingbot/ACEView.git
  ANSIEscapeHelper:
    :git: https://github.com/griffin-stewie/ANSIEscapeHelper.git

CHECKOUT OPTIONS:
  ACEView:
    :commit: cf6335ef496f929ea3095bbdb8a76d73fdc2880a
    :git: https://github.com/tingbot/ACEView.git
  ANSIEscapeHelper:
    :commit: d2f4a468a3088b92722241f0b5afc1eeebcefa80
    :git: https://github.com/griffin-stewie/ANSIEscapeHelper.git

SPEC CHECKSUMS:
  ACEView: cf3f665c61c8567d5dd04f395796342f58bad1a0
  ANSIEscapeHelper: 1b77fd775487531a476bc7a75c080068ad78ff9f
  KVOController: 9fd8f0343670994e4b6f9f0b31f5a45663f3e1cf
  Masonry: 4972309f2f134de9dd312f4dc4a21359b50e6caa
  ReactiveCocoa: e2db045570aa97c695e7aa97c2bcab222ae51f4a
  Sparkle: cf10103ef35fd89caa35373bfd772c5d6f9c7d73

COCOAPODS: 0.39.0
